
Microsoft Visual Studio Solution File, Format Version 12.00
# Visual Studio 14
VisualStudioVersion = 14.0.24720.0
MinimumVisualStudioVersion = 10.0.40219.1
Project("{FAE04EC0-301F-11D3-BF4B-00C04F79EFBC}") = "mangoConsole", "mangoConsole\mangoConsole.csproj", "{F176561F-2E8A-4BD1-9CE9-6DAB3121CC44}"
EndProject
Global
	GlobalSection(SolutionConfigurationPlatforms) = preSolution
		Debug|Any CPU = Debug|Any CPU
		Release|Any CPU = Release|Any CPU
	EndGlobalSection
	GlobalSection(ProjectConfigurationPlatforms) = postSolution
		{F176561F-2E8A-4BD1-9CE9-6DAB3121CC44}.Debug|Any CPU.ActiveCfg = Debug|Any CPU
		{F176561F-2E8A-4BD1-9CE9-6DAB3121CC44}.Debug|Any CPU.Build.0 = Debug|Any CPU
		{F176561F-2E8A-4BD1-9CE9-6DAB3121CC44}.Release|Any CPU.ActiveCfg = Release|Any CPU
		{F176561F-2E8A-4BD1-9CE9-6DAB3121CC44}.Release|Any CPU.Build.0 = Release|Any CPU
	EndGlobalSection
	GlobalSection(SolutionProperties) = preSolution
		HideSolutionNode = FALSE
	EndGlobalSection
EndGlobal
